
Microsoft Visual Studio Solution File, Format Version 12.00
# Visual Studio Version 16
VisualStudioVersion = 16.0.31321.278
MinimumVisualStudioVersion = 10.0.40219.1
Project("{9A19103F-16F7-4668-BE54-9A1E7A4F7556}") = "HW_001_1", "Essential_homeworks\HW_001_1.csproj", "{A114290D-D8E4-4261-B5E3-449D1832DBFD}"
EndProject
Project("{9A19103F-16F7-4668-BE54-9A1E7A4F7556}") = "HW_001_2", "HW_001_2\HW_001_2.csproj", "{0BB04ED3-D960-440F-9ACC-55391CA9735E}"
EndProject
Project("{9A19103F-16F7-4668-BE54-9A1E7A4F7556}") = "HW_001_3", "HW_001_3\HW_001_3.csproj", "{CF3C0093-CBDB-4692-B6C5-43CE3D62D60C}"
EndProject
Project("{9A19103F-16F7-4668-BE54-9A1E7A4F7556}") = "HW_002_1", "HW_002_1\HW_002_1.csproj", "{098556F0-3B7B-4841-9BF1-AE4B399C7E1F}"
EndProject
Project("{9A19103F-16F7-4668-BE54-9A1E7A4F7556}") = "HW_002_2", "HW_002_2\HW_002_2.csproj", "{E97E98BE-FC9C-427D-B5CD-EE77352F2FAF}"
EndProject
Project("{9A19103F-16F7-4668-BE54-9A1E7A4F7556}") = "HW_003_4", "HW_003_4\HW_003_4.csproj", "{7949FFD1-E1F8-4751-B40C-56FBD184059A}"
EndProject
Project("{FAE04EC0-301F-11D3-BF4B-00C04F79EFBC}") = "HW_003_2", "HW_003_2\HW_003_2.csproj", "{5D71D97C-4A1B-41AC-B885-535A23BF00D8}"
EndProject
Project("{FAE04EC0-301F-11D3-BF4B-00C04F79EFBC}") = "HW_003_3", "HW_003_3\HW_003_3.csproj", "{3DA35A27-0345-42AA-B3B6-42D776A1DE1C}"
EndProject
Project("{FAE04EC0-301F-11D3-BF4B-00C04F79EFBC}") = "HW_004_2", "HW_004_2\HW_004_2.csproj", "{70486C53-C58D-46AF-817A-84F31CA1D0C5}"
EndProject
Project("{FAE04EC0-301F-11D3-BF4B-00C04F79EFBC}") = "HW_004_3", "HW_004_3\HW_004_3.csproj", "{723E95F5-5581-4CD4-B111-5806A7F43444}"
EndProject
Global
	GlobalSection(SolutionConfigurationPlatforms) = preSolution
		Debug|Any CPU = Debug|Any CPU
		Release|Any CPU = Release|Any CPU
	EndGlobalSection
	GlobalSection(ProjectConfigurationPlatforms) = postSolution
		{A114290D-D8E4-4261-B5E3-449D1832DBFD}.Debug|Any CPU.ActiveCfg = Debug|Any CPU
		{A114290D-D8E4-4261-B5E3-449D1832DBFD}.Debug|Any CPU.Build.0 = Debug|Any CPU
		{A114290D-D8E4-4261-B5E3-449D1832DBFD}.Release|Any CPU.ActiveCfg = Release|Any CPU
		{A114290D-D8E4-4261-B5E3-449D1832DBFD}.Release|Any CPU.Build.0 = Release|Any CPU
		{0BB04ED3-D960-440F-9ACC-55391CA9735E}.Debug|Any CPU.ActiveCfg = Debug|Any CPU
		{0BB04ED3-D960-440F-9ACC-55391CA9735E}.Debug|Any CPU.Build.0 = Debug|Any CPU
		{0BB04ED3-D960-440F-9ACC-55391CA9735E}.Release|Any CPU.ActiveCfg = Release|Any CPU
		{0BB04ED3-D960-440F-9ACC-55391CA9735E}.Release|Any CPU.Build.0 = Release|Any CPU
		{CF3C0093-CBDB-4692-B6C5-43CE3D62D60C}.Debug|Any CPU.ActiveCfg = Debug|Any CPU
		{CF3C0093-CBDB-4692-B6C5-43CE3D62D60C}.Debug|Any CPU.Build.0 = Debug|Any CPU
		{CF3C0093-CBDB-4692-B6C5-43CE3D62D60C}.Release|Any CPU.ActiveCfg = Release|Any CPU
		{CF3C0093-CBDB-4692-B6C5-43CE3D62D60C}.Release|Any CPU.Build.0 = Release|Any CPU
		{098556F0-3B7B-4841-9BF1-AE4B399C7E1F}.Debug|Any CPU.ActiveCfg = Debug|Any CPU
		{098556F0-3B7B-4841-9BF1-AE4B399C7E1F}.Debug|Any CPU.Build.0 = Debug|Any CPU
		{098556F0-3B7B-4841-9BF1-AE4B399C7E1F}.Release|Any CPU.ActiveCfg = Release|Any CPU
		{098556F0-3B7B-4841-9BF1-AE4B399C7E1F}.Release|Any CPU.Build.0 = Release|Any CPU
		{E97E98BE-FC9C-427D-B5CD-EE77352F2FAF}.Debug|Any CPU.ActiveCfg = Debug|Any CPU
		{E97E98BE-FC9C-427D-B5CD-EE77352F2FAF}.Debug|Any CPU.Build.0 = Debug|Any CPU
		{E97E98BE-FC9C-427D-B5CD-EE77352F2FAF}.Release|Any CPU.ActiveCfg = Release|Any CPU
		{E97E98BE-FC9C-427D-B5CD-EE77352F2FAF}.Release|Any CPU.Build.0 = Release|Any CPU
		{7949FFD1-E1F8-4751-B40C-56FBD184059A}.Debug|Any CPU.ActiveCfg = Debug|Any CPU
		{7949FFD1-E1F8-4751-B40C-56FBD184059A}.Debug|Any CPU.Build.0 = Debug|Any CPU
		{7949FFD1-E1F8-4751-B40C-56FBD184059A}.Release|Any CPU.ActiveCfg = Release|Any CPU
		{7949FFD1-E1F8-4751-B40C-56FBD184059A}.Release|Any CPU.Build.0 = Release|Any CPU
		{5D71D97C-4A1B-41AC-B885-535A23BF00D8}.Debug|Any CPU.ActiveCfg = Debug|Any CPU
		{5D71D97C-4A1B-41AC-B885-535A23BF00D8}.Debug|Any CPU.Build.0 = Debug|Any CPU
		{5D71D97C-4A1B-41AC-B885-535A23BF00D8}.Release|Any CPU.ActiveCfg = Release|Any CPU
		{5D71D97C-4A1B-41AC-B885-535A23BF00D8}.Release|Any CPU.Build.0 = Release|Any CPU
		{3DA35A27-0345-42AA-B3B6-42D776A1DE1C}.Debug|Any CPU.ActiveCfg = Debug|Any CPU
		{3DA35A27-0345-42AA-B3B6-42D776A1DE1C}.Debug|Any CPU.Build.0 = Debug|Any CPU
		{3DA35A27-0345-42AA-B3B6-42D776A1DE1C}.Release|Any CPU.ActiveCfg = Release|Any CPU
		{3DA35A27-0345-42AA-B3B6-42D776A1DE1C}.Release|Any CPU.Build.0 = Release|Any CPU
		{70486C53-C58D-46AF-817A-84F31CA1D0C5}.Debug|Any CPU.ActiveCfg = Debug|Any CPU
		{70486C53-C58D-46AF-817A-84F31CA1D0C5}.Debug|Any CPU.Build.0 = Debug|Any CPU
		{70486C53-C58D-46AF-817A-84F31CA1D0C5}.Release|Any CPU.ActiveCfg = Release|Any CPU
		{70486C53-C58D-46AF-817A-84F31CA1D0C5}.Release|Any CPU.Build.0 = Release|Any CPU
		{723E95F5-5581-4CD4-B111-5806A7F43444}.Debug|Any CPU.ActiveCfg = Debug|Any CPU
		{723E95F5-5581-4CD4-B111-5806A7F43444}.Debug|Any CPU.Build.0 = Debug|Any CPU
		{723E95F5-5581-4CD4-B111-5806A7F43444}.Release|Any CPU.ActiveCfg = Release|Any CPU
		{723E95F5-5581-4CD4-B111-5806A7F43444}.Release|Any CPU.Build.0 = Release|Any CPU
	EndGlobalSection
	GlobalSection(SolutionProperties) = preSolution
		HideSolutionNode = FALSE
	EndGlobalSection
	GlobalSection(ExtensibilityGlobals) = postSolution
		SolutionGuid = {4F9402C5-8D05-4367-A841-F865DB0ABD6E}
	EndGlobalSection
EndGlobal
